
Microsoft Visual Studio Solution File, Format Version 12.00
# Visual Studio Version 17
VisualStudioVersion = 17.0.32014.148
MinimumVisualStudioVersion = 10.0.40219.1
Project("{FAE04EC0-301F-11D3-BF4B-00C04F79EFBC}") = "FileSystemWatcher", "FileSystemWatcher\FileSystemWatcher.csproj", "{B880C0B7-9319-42E0-B4EA-0DD2FF10629A}"
EndProject
Global
	GlobalSection(SolutionConfigurationPlatforms) = preSolution
		Debug|Any CPU = Debug|Any CPU
		Release|Any CPU = Release|Any CPU
	EndGlobalSection
	GlobalSection(ProjectConfigurationPlatforms) = postSolution
		{B880C0B7-9319-42E0-B4EA-0DD2FF10629A}.Debug|Any CPU.ActiveCfg = Debug|Any CPU
		{B880C0B7-9319-42E0-B4EA-0DD2FF10629A}.Debug|Any CPU.Build.0 = Debug|Any CPU
		{B880C0B7-9319-42E0-B4EA-0DD2FF10629A}.Release|Any CPU.ActiveCfg = Release|Any CPU
		{B880C0B7-9319-42E0-B4EA-0DD2FF10629A}.Release|Any CPU.Build.0 = Release|Any CPU
	EndGlobalSection
	GlobalSection(SolutionProperties) = preSolution
		HideSolutionNode = FALSE
	EndGlobalSection
	GlobalSection(ExtensibilityGlobals) = postSolution
		SolutionGuid = {E38869C2-D71E-45C9-8CC6-9CAE76C946BB}
	EndGlobalSection
EndGlobal
